version = 1
revision = 3
requires-python = ">=3.14"

[[package]]
name = "airflow"
version = "0.1.0"
source = { editable = "." }
dependencies = [
    { name = "pendulum" },
]

[package.metadata]
requires-dist = [{ name = "pendulum", specifier = ">=3.2.0" }]

[[package]]
name = "pendulum"
version = "3.2.0"
source = { registry = "https://pypi.org/simple" }
dependencies = [
    { name = "python-dateutil" },
    { name = "tzdata" },
]
sdist = { url = "https://files.pythonhosted.org/packages/cb/72/9a51afa0a822b09e286c4cb827ed7b00bc818dac7bd11a5f161e493a217d/pendulum-3.2.0.tar.gz", hash = "sha256:e80feda2d10fa3ff8b1526715f7d33dcb7e08494b3088f2c8a3ac92d4a4331ce", size = 86912, upload-time = "2026-01-30T11:22:24.093Z" }
wheels = [
    { url = "https://files.pythonhosted.org/packages/82/99/5b9cc823862450910bcb2c7cdc6884c0939b268639146d30e4a4f55eb1f1/pendulum-3.2.0-cp314-cp314-macosx_10_12_x86_64.whl", hash = "sha256:c17ac069e88c5a1e930a5ae0ef17357a14b9cc5a28abadda74eaa8106d241c8e", size = 338281, upload-time = "2026-01-30T11:21:40.812Z" },
    { url = "https://files.pythonhosted.org/packages/cd/3a/64a35260f6ac36c0ad50eeb5f1a465b98b0d7603f79a5c2077c41326d639/pendulum-3.2.0-cp314-cp314-macosx_11_0_arm64.whl", hash = "sha256:e1fbb540edecb21f8244aebfb05a1f2333ddc6c7819378c099d4a61cc91ae93c", size = 328030, upload-time = "2026-01-30T11:21:42.778Z" },
    { url = "https://files.pythonhosted.org/packages/da/6b/1140e09310035a2afb05bb90a2b8fbda9d3222e03b92de9533123afe6b65/pendulum-3.2.0-cp314-cp314-manylinux_2_17_aarch64.manylinux2014_aarch64.whl", hash = "sha256:a8c67fb9a1fe8fc1adae2cc01b0c292b268c12475b4609ff4aed71c9dd367b4d", size = 340206, upload-time = "2026-01-30T11:21:44.148Z" },
    { url = "https://files.pythonhosted.org/packages/52/4a/a493de56cbc24a64b21ac6ba98513a9ec5c67daa3dba325e39a8e53f30d8/pendulum-3.2.0-cp314-cp314-manylinux_2_17_ppc64le.manylinux2014_ppc64le.whl", hash = "sha256:baa9a66c980defda6cfe1275103a94b22e90d83ebd7a84cc961cee6cbd25a244", size = 373976, upload-time = "2026-01-30T11:21:45.56Z" },
    { url = "https://files.pythonhosted.org/packages/3c/4c/f083c4fd1a161d4ab218680cc906338c541497b3098373f2241f58c429cb/pendulum-3.2.0-cp314-cp314-manylinux_2_17_s390x.manylinux2014_s390x.whl", hash = "sha256:ef8f783fa7a14973b0596d8af2a5b2d90858a55030e9b4c6885eb4284b88314f", size = 380075, upload-time = "2026-01-30T11:21:46.959Z" },
    { url = "https://files.pythonhosted.org/packages/57/b6/333a0fcb33bf15eb879a46a11ce6300c1698a141e689665fe430783ff8d6/pendulum-3.2.0-cp314-cp314-manylinux_2_17_x86_64.manylinux2014_x86_64.whl", hash = "sha256:a7d2e9bfb065727d8676e7ada3793b47a24349500a5e9637404355e482c822be", size = 349026, upload-time = "2026-01-30T11:21:48.271Z" },
    { url = "https://files.pythonhosted.org/packages/43/1a/dfb526ec0cba1e7cd6a5e4f4dd64a6ada7428d1449c54b15f7b295f6e122/pendulum-3.2.0-cp314-cp314-musllinux_1_1_aarch64.whl", hash = "sha256:55d7ba6bb74171c3ee409bf30076ee3a259a3c2bb147ac87ebb76aaa3cf5d3a2", size = 517395, upload-time = "2026-01-30T11:21:49.643Z" },
    { url = "https://files.pythonhosted.org/packages/c9/37/b4f2b5f1200351c4869b8b46ad5c21019e3dbe0417f5867ae969fad7b5fe/pendulum-3.2.0-cp314-cp314-musllinux_1_1_x86_64.whl", hash = "sha256:a50d8cf42f06d3d8c3f8bb2a7ac47fa93b5145e69de6a7209be6a47afdd9cf76", size = 561926, upload-time = "2026-01-30T11:21:51.698Z" },
    { url = "https://files.pythonhosted.org/packages/a0/9e/567376582da58f5fe8e4f579db2bcfbf243cf619a5825bdf1023ad1436b3/pendulum-3.2.0-cp314-cp314-win_amd64.whl", hash = "sha256:e5bbb92b155cd5018b3cf70ee49ed3b9c94398caaaa7ed97fe41e5bb5a968418", size = 258817, upload-time = "2026-01-30T11:21:53.074Z" },
    { url = "https://files.pythonhosted.org/packages/95/67/dfffd7eb50d67fa821cd4d92cf71575ead6162930202bc40dfcedf78c38c/pendulum-3.2.0-cp314-cp314-win_arm64.whl", hash = "sha256:d53134418e04335c3029a32e9341cccc9b085a28744fb5ee4e6a8f5039363b1a", size = 253292, upload-time = "2026-01-30T11:21:54.484Z" },
    { url = "https://files.pythonhosted.org/packages/02/fb/d65db067a67df7252f18b0cb7420dda84078b9e8bfb375215469c14a50be/pendulum-3.2.0-py3-none-any.whl", hash = "sha256:f3a9c18a89b4d9ef39c5fa6a78722aaff8d5be2597c129a3b16b9f40a561acf3", size = 114111, upload-time = "2026-01-30T11:22:22.361Z" },
]

[[package]]
name = "python-dateutil"
version = "2.9.0.post0"
source = { registry = "https://pypi.org/simple" }
dependencies = [
    { name = "six" },
]
sdist = { url = "https://files.pythonhosted.org/packages/66/c0/0c8b6ad9f17a802ee498c46e004a0eb49bc148f2fd230864601a86dcf6db/python-dateutil-2.9.0.post0.tar.gz", hash = "sha256:37dd54208da7e1cd875388217d5e00ebd4179249f90fb72437e91a35459a0ad3", size = 342432, upload-time = "2024-03-01T18:36:20.211Z" }
wheels = [
    { url = "https://files.pythonhosted.org/packages/ec/57/56b9bcc3c9c6a792fcbaf139543cee77261f3651ca9da0c93f5c1221264b/python_dateutil-2.9.0.post0-py2.py3-none-any.whl", hash = "sha256:a8b2bc7bffae282281c8140a97d3aa9c14da0b136dfe83f850eea9a5f7470427", size = 229892, upload-time = "2024-03-01T18:36:18.57Z" },
]

[[package]]
name = "six"
version = "1.17.0"
source = { registry = "https://pypi.org/simple" }
sdist = { url = "https://files.pythonhosted.org/packages/94/e7/b2c673351809dca68a0e064b6af791aa332cf192da575fd474ed7d6f16a2/six-1.17.0.tar.gz", hash = "sha256:ff70335d468e7eb6ec65b95b99d3a2836546063f63acc5171de367e834932a81", size = 34031, upload-time = "2024-12-04T17:35:28.174Z" }
wheels = [
    { url = "https://files.pythonhosted.org/packages/b7/ce/149a00dd41f10bc29e5921b496af8b574d8413afcd5e30dfa0ed46c2cc5e/six-1.17.0-py2.py3-none-any.whl", hash = "sha256:4721f391ed90541fddacab5acf947aa0d3dc7d27b2e1e8eda2be8970586c3274", size = 11050, upload-time = "2024-12-04T17:35:26.475Z" },
]

[[package]]
name = "tzdata"
version = "2026.3"
source = { registry = "https://pypi.org/simple" }
sdist = { url = "https://files.pythonhosted.org/packages/92/ff/5a28bdfd8c3ebec42564ac7d0e54ca3db65044a9314a97f9564fa7a1e926/tzdata-2026.3.tar.gz", hash = "sha256:4a1518b8993086a7982523e071643f3c0e5f213e75b21318e78bcabfff9d1415", size = 198674, upload-time = "2026-07-10T08:50:37.887Z" }
wheels = [
    { url = "https://files.pythonhosted.org/packages/e5/6d/b53b99a9f2766d095985947a5782f1702cabb129a34f7a802d7197af832f/tzdata-2026.3-py2.py3-none-any.whl", hash = "sha256:dc096730c87af6cab1b171c9d532be840741ff5d459015e7f6947bd7d7e54931", size = 348168, upload-time = "2026-07-10T08:50:36.46Z" },
]
